
Microsoft Visual Studio Solution File, Format Version 12.00
# Visual Studio Version 17
VisualStudioVersion = 17.2.32630.192
MinimumVisualStudioVersion = 10.0.40219.1
Project("{9A19103F-16F7-4668-BE54-9A1E7A4F7556}") = "ReservationRestaurant", "ReservationRestaurant\ReservationRestaurant.csproj", "{DE586F44-80EA-4BAC-AD01-ECF2B2AEFC87}"
EndProject
Global
	GlobalSection(SolutionConfigurationPlatforms) = preSolution
		Debug|Any CPU = Debug|Any CPU
		Release|Any CPU = Release|Any CPU
	EndGlobalSection
	GlobalSection(ProjectConfigurationPlatforms) = postSolution
		{DE586F44-80EA-4BAC-AD01-ECF2B2AEFC87}.Debug|Any CPU.ActiveCfg = Debug|Any CPU
		{DE586F44-80EA-4BAC-AD01-ECF2B2AEFC87}.Debug|Any CPU.Build.0 = Debug|Any CPU
		{DE586F44-80EA-4BAC-AD01-ECF2B2AEFC87}.Release|Any CPU.ActiveCfg = Release|Any CPU
		{DE586F44-80EA-4BAC-AD01-ECF2B2AEFC87}.Release|Any CPU.Build.0 = Release|Any CPU
	EndGlobalSection
	GlobalSection(SolutionProperties) = preSolution
		HideSolutionNode = FALSE
	EndGlobalSection
	GlobalSection(ExtensibilityGlobals) = postSolution
		SolutionGuid = {130CECE2-554E-481E-B88F-A00118EA65B5}
	EndGlobalSection
EndGlobal
